// !$*UTF8*$!
{
	archiveVersion = 1;
	classes = {
	};
	objectVersion = 56;
	objects = {

/* Begin PBXBuildFile section */
		46781A6A2A70C80600791746 /* AppDelegate.swift in Sources */ = {isa = PBXBuildFile; fileRef = 46781A692A70C80600791746 /* AppDelegate.swift */; };
		46781A6C2A70C80600791746 /* SceneDelegate.swift in Sources */ = {isa = PBXBuildFile; fileRef = 46781A6B2A70C80600791746 /* SceneDelegate.swift */; };
		46781A6E2A70C80600791746 /* WelcomeVC.swift in Sources */ = {isa = PBXBuildFile; fileRef = 46781A6D2A70C80600791746 /* WelcomeVC.swift */; };
		46781A712A70C80600791746 /* Main.storyboard in Resources */ = {isa = PBXBuildFile; fileRef = 46781A6F2A70C80600791746 /* Main.storyboard */; };
		46781A732A70C80800791746 /* Assets.xcassets in Resources */ = {isa = PBXBuildFile; fileRef = 46781A722A70C80800791746 /* Assets.xcassets */; };
		46781A762A70C80800791746 /* LaunchScreen.storyboard in Resources */ = {isa = PBXBuildFile; fileRef = 46781A742A70C80800791746 /* LaunchScreen.storyboard */; };
		46781A7F2A70D9E200791746 /* BorderButton.swift in Sources */ = {isa = PBXBuildFile; fileRef = 46781A7E2A70D9E200791746 /* BorderButton.swift */; };
		46781A852A7C3BC600791746 /* LeagueVC.swift in Sources */ = {isa = PBXBuildFile; fileRef = 46781A842A7C3BC600791746 /* LeagueVC.swift */; };
		46781A872A7C3C0400791746 /* SkillVC.swift in Sources */ = {isa = PBXBuildFile; fileRef = 46781A862A7C3C0400791746 /* SkillVC.swift */; };
		46781A892A90AE2C00791746 /* File.swift in Sources */ = {isa = PBXBuildFile; fileRef = 46781A882A90AE2C00791746 /* File.swift */; };
/* End PBXBuildFile section */

/* Begin PBXFileReference section */
		46781A662A70C80600791746 /* super-octo-adventure.app */ = {isa = PBXFileReference; explicitFileType = wrapper.application; includeInIndex = 0; path = "super-octo-adventure.app"; sourceTree = BUILT_PRODUCTS_DIR; };
		46781A692A70C80600791746 /* AppDelegate.swift */ = {isa = PBXFileReference; lastKnownFileType = sourcecode.swift; path = AppDelegate.swift; sourceTree = "<group>"; };
		46781A6B2A70C80600791746 /* SceneDelegate.swift */ = {isa = PBXFileReference; lastKnownFileType = sourcecode.swift; path = SceneDelegate.swift; sourceTree = "<group>"; };
		46781A6D2A70C80600791746 /* WelcomeVC.swift */ = {isa = PBXFileReference; lastKnownFileType = sourcecode.swift; path = WelcomeVC.swift; sourceTree = "<group>"; };
		46781A702A70C80600791746 /* Base */ = {isa = PBXFileReference; lastKnownFileType = file.storyboard; name = Base; path = Base.lproj/Main.storyboard; sourceTree = "<group>"; };
		46781A722A70C80800791746 /* Assets.xcassets */ = {isa = PBXFileReference; lastKnownFileType = folder.assetcatalog; path = Assets.xcassets; sourceTree = "<group>"; };
		46781A752A70C80800791746 /* Base */ = {isa = PBXFileReference; lastKnownFileType = file.storyboard; name = Base; path = Base.lproj/LaunchScreen.storyboard; sourceTree = "<group>"; };
		46781A772A70C80800791746 /* Info.plist */ = {isa = PBXFileReference; lastKnownFileType = text.plist.xml; path = Info.plist; sourceTree = "<group>"; };
		46781A7E2A70D9E200791746 /* BorderButton.swift */ = {isa = PBXFileReference; lastKnownFileType = sourcecode.swift; path = BorderButton.swift; sourceTree = "<group>"; };
		46781A842A7C3BC600791746 /* LeagueVC.swift */ = {isa = PBXFileReference; lastKnownFileType = sourcecode.swift; path = LeagueVC.swift; sourceTree = "<group>"; };
		46781A862A7C3C0400791746 /* SkillVC.swift */ = {isa = PBXFileReference; lastKnownFileType = sourcecode.swift; path = SkillVC.swift; sourceTree = "<group>"; };
		46781A882A90AE2C00791746 /* File.swift */ = {isa = PBXFileReference; lastKnownFileType = sourcecode.swift; path = File.swift; sourceTree = "<group>"; };
/* End PBXFileReference section */

/* Begin PBXFrameworksBuildPhase section */
		46781A632A70C80600791746 /* Frameworks */ = {
			isa = PBXFrameworksBuildPhase;
			buildActionMask = 2147483647;
			files = (
			);
			runOnlyForDeploymentPostprocessing = 0;
		};
/* End PBXFrameworksBuildPhase section */

/* Begin PBXGroup section */
		46781A5D2A70C80600791746 = {
			isa = PBXGroup;
			children = (
				46781A882A90AE2C00791746 /* File.swift */,
				46781A682A70C80600791746 /* super-octo-adventure */,
				46781A672A70C80600791746 /* Products */,
			);
			sourceTree = "<group>";
		};
		46781A672A70C80600791746 /* Products */ = {
			isa = PBXGroup;
			children = (
				46781A662A70C80600791746 /* super-octo-adventure.app */,
			);
			name = Products;
			sourceTree = "<group>";
		};
		46781A682A70C80600791746 /* super-octo-adventure */ = {
			isa = PBXGroup;
			children = (
				46781A812A7C285B00791746 /* Model */,
				46781A802A7C285000791746 /* Controller */,
				46781A7D2A70D91100791746 /* Views */,
				46781A692A70C80600791746 /* AppDelegate.swift */,
				46781A6B2A70C80600791746 /* SceneDelegate.swift */,
				46781A6F2A70C80600791746 /* Main.storyboard */,
				46781A722A70C80800791746 /* Assets.xcassets */,
				46781A742A70C80800791746 /* LaunchScreen.storyboard */,
				46781A772A70C80800791746 /* Info.plist */,
			);
			path = "super-octo-adventure";
			sourceTree = "<group>";
		};
		46781A7D2A70D91100791746 /* Views */ = {
			isa = PBXGroup;
			children = (
				46781A7E2A70D9E200791746 /* BorderButton.swift */,
			);
			path = Views;
			sourceTree = "<group>";
		};
		46781A802A7C285000791746 /* Controller */ = {
			isa = PBXGroup;
			children = (
				46781A6D2A70C80600791746 /* WelcomeVC.swift */,
				46781A842A7C3BC600791746 /* LeagueVC.swift */,
				46781A862A7C3C0400791746 /* SkillVC.swift */,
			);
			path = Controller;
			sourceTree = "<group>";
		};
		46781A812A7C285B00791746 /* Model */ = {
			isa = PBXGroup;
			children = (
			);
			path = Model;
			sourceTree = "<group>";
		};
/* End PBXGroup section */

/* Begin PBXNativeTarget section */
		46781A652A70C80600791746 /* super-octo-adventure */ = {
			isa = PBXNativeTarget;
			buildConfigurationList = 46781A7A2A70C80800791746 /* Build configuration list for PBXNativeTarget "super-octo-adventure" */;
			buildPhases = (
				46781A622A70C80600791746 /* Sources */,
				46781A632A70C80600791746 /* Frameworks */,
				46781A642A70C80600791746 /* Resources */,
			);
			buildRules = (
			);
			dependencies = (
			);
			name = "super-octo-adventure";
			productName = "super-octo-adventure";
			productReference = 46781A662A70C80600791746 /* super-octo-adventure.app */;
			productType = "com.apple.product-type.application";
		};
/* End PBXNativeTarget section */

/* Begin PBXProject section */
		46781A5E2A70C80600791746 /* Project object */ = {
			isa = PBXProject;
			attributes = {
				BuildIndependentTargetsInParallel = 1;
				LastSwiftUpdateCheck = 1430;
				LastUpgradeCheck = 1430;
				TargetAttributes = {
					46781A652A70C80600791746 = {
						CreatedOnToolsVersion = 14.3.1;
					};
				};
			};
			buildConfigurationList = 46781A612A70C80600791746 /* Build configuration list for PBXProject "super-octo-adventure" */;
			compatibilityVersion = "Xcode 14.0";
			developmentRegion = en;
			hasScannedForEncodings = 0;
			knownRegions = (
				en,
				Base,
			);
			mainGroup = 46781A5D2A70C80600791746;
			productRefGroup = 46781A672A70C80600791746 /* Products */;
			projectDirPath = "";
			projectRoot = "";
			targets = (
				46781A652A70C80600791746 /* super-octo-adventure */,
			);
		};
/* End PBXProject section */

/* Begin PBXResourcesBuildPhase section */
		46781A642A70C80600791746 /* Resources */ = {
			isa = PBXResourcesBuildPhase;
			buildActionMask = 2147483647;
			files = (
				46781A762A70C80800791746 /* LaunchScreen.storyboard in Resources */,
				46781A732A70C80800791746 /* Assets.xcassets in Resources */,
				46781A712A70C80600791746 /* Main.storyboard in Resources */,
			);
			runOnlyForDeploymentPostprocessing = 0;
		};
/* End PBXResourcesBuildPhase section */

/* Begin PBXSourcesBuildPhase section */
		46781A622A70C80600791746 /* Sources */ = {
			isa = PBXSourcesBuildPhase;
			buildActionMask = 2147483647;
			files = (
				46781A852A7C3BC600791746 /* LeagueVC.swift in Sources */,
				46781A6E2A70C80600791746 /* WelcomeVC.swift in Sources */,
				46781A892A90AE2C00791746 /* File.swift in Sources */,
				46781A6A2A70C80600791746 /* AppDelegate.swift in Sources */,
				46781A7F2A70D9E200791746 /* BorderButton.swift in Sources */,
				46781A872A7C3C0400791746 /* SkillVC.swift in Sources */,
				46781A6C2A70C80600791746 /* SceneDelegate.swift in Sources */,
			);
			runOnlyForDeploymentPostprocessing = 0;
		};
/* End PBXSourcesBuildPhase section */

/* Begin PBXVariantGroup section */
		46781A6F2A70C80600791746 /* Main.storyboard */ = {
			isa = PBXVariantGroup;
			children = (
				46781A702A70C80600791746 /* Base */,
			);
			name = Main.storyboard;
			sourceTree = "<group>";
		};
		46781A742A70C80800791746 /* LaunchScreen.storyboard */ = {
			isa = PBXVariantGroup;
			children = (
				46781A752A70C80800791746 /* Base */,
			);
			name = LaunchScreen.storyboard;
			sourceTree = "<group>";
		};
/* End PBXVariantGroup section */

/* Begin XCBuildConfiguration section */
		46781A782A70C80800791746 /* Debug */ = {
			isa = XCBuildConfiguration;
			buildSettings = {
				ALWAYS_SEARCH_USER_PATHS = NO;
				CLANG_ANALYZER_NONNULL = YES;
				CLANG_ANALYZER_NUMBER_OBJECT_CONVERSION = YES_AGGRESSIVE;
				CLANG_CXX_LANGUAGE_STANDARD = "gnu++20";
				CLANG_ENABLE_MODULES = YES;
				CLANG_ENABLE_OBJC_ARC = YES;
				CLANG_ENABLE_OBJC_WEAK = YES;
				CLANG_WARN_BLOCK_CAPTURE_AUTORELEASING = YES;
				CLANG_WARN_BOOL_CONVERSION = YES;
				CLANG_WARN_COMMA = YES;
				CLANG_WARN_CONSTANT_CONVERSION = YES;
				CLANG_WARN_DEPRECATED_OBJC_IMPLEMENTATIONS = YES;
				CLANG_WARN_DIRECT_OBJC_ISA_USAGE = YES_ERROR;
				CLANG_WARN_DOCUMENTATION_COMMENTS = YES;
				CLANG_WARN_EMPTY_BODY = YES;
				CLANG_WARN_ENUM_CONVERSION = YES;
				CLANG_WARN_INFINITE_RECURSION = YES;
				CLANG_WARN_INT_CONVERSION = YES;
				CLANG_WARN_NON_LITERAL_NULL_CONVERSION = YES;
				CLANG_WARN_OBJC_IMPLICIT_RETAIN_SELF = YES;
				CLANG_WARN_OBJC_LITERAL_CONVERSION = YES;
				CLANG_WARN_OBJC_ROOT_CLASS = YES_ERROR;
				CLANG_WARN_QUOTED_INCLUDE_IN_FRAMEWORK_HEADER = YES;
				CLANG_WARN_RANGE_LOOP_ANALYSIS = YES;
				CLANG_WARN_STRICT_PROTOTYPES = YES;
				CLANG_WARN_SUSPICIOUS_MOVE = YES;
				CLANG_WARN_UNGUARDED_AVAILABILITY = YES_AGGRESSIVE;
				CLANG_WARN_UNREACHABLE_CODE = YES;
				CLANG_WARN__DUPLICATE_METHOD_MATCH = YES;
				COPY_PHASE_STRIP = NO;
				DEBUG_INFORMATION_FORMAT = dwarf;
				ENABLE_STRICT_OBJC_MSGSEND = YES;
				ENABLE_TESTABILITY = YES;
				GCC_C_LANGUAGE_STANDARD = gnu11;
				GCC_DYNAMIC_NO_PIC = NO;
				GCC_NO_COMMON_BLOCKS = YES;
				GCC_OPTIMIZATION_LEVEL = 0;
				GCC_PREPROCESSOR_DEFINITIONS = (
					"DEBUG=1",
					"$(inherited)",
				);
				GCC_WARN_64_TO_32_BIT_CONVERSION = YES;
				GCC_WARN_ABOUT_RETURN_TYPE = YES_ERROR;
				GCC_WARN_UNDECLARED_SELECTOR = YES;
				GCC_WARN_UNINITIALIZED_AUTOS = YES_AGGRESSIVE;
				GCC_WARN_UNUSED_FUNCTION = YES;
				GCC_WARN_UNUSED_VARIABLE = YES;
				IPHONEOS_DEPLOYMENT_TARGET = 16.4;
				MTL_ENABLE_DEBUG_INFO = INCLUDE_SOURCE;
				MTL_FAST_MATH = YES;
				ONLY_ACTIVE_ARCH = YES;
				SDKROOT = iphoneos;
				SWIFT_ACTIVE_COMPILATION_CONDITIONS = DEBUG;
				SWIFT_OPTIMIZATION_LEVEL = "-Onone";
			};
			name = Debug;
		};
		46781A792A70C80800791746 /* Release */ = {
			isa = XCBuildConfiguration;
			buildSettings = {
				ALWAYS_SEARCH_USER_PATHS = NO;
				CLANG_ANALYZER_NONNULL = YES;
				CLANG_ANALYZER_NUMBER_OBJECT_CONVERSION = YES_AGGRESSIVE;
				CLANG_CXX_LANGUAGE_STANDARD = "gnu++20";
				CLANG_ENABLE_MODULES = YES;
				CLANG_ENABLE_OBJC_ARC = YES;
				CLANG_ENABLE_OBJC_WEAK = YES;
				CLANG_WARN_BLOCK_CAPTURE_AUTORELEASING = YES;
				CLANG_WARN_BOOL_CONVERSION = YES;
				CLANG_WARN_COMMA = YES;
				CLANG_WARN_CONSTANT_CONVERSION = YES;
				CLANG_WARN_DEPRECATED_OBJC_IMPLEMENTATIONS = YES;
				CLANG_WARN_DIRECT_OBJC_ISA_USAGE = YES_ERROR;
				CLANG_WARN_DOCUMENTATION_COMMENTS = YES;
				CLANG_WARN_EMPTY_BODY = YES;
				CLANG_WARN_ENUM_CONVERSION = YES;
				CLANG_WARN_INFINITE_RECURSION = YES;
				CLANG_WARN_INT_CONVERSION = YES;
				CLANG_WARN_NON_LITERAL_NULL_CONVERSION = YES;
				CLANG_WARN_OBJC_IMPLICIT_RETAIN_SELF = YES;
				CLANG_WARN_OBJC_LITERAL_CONVERSION = YES;
				CLANG_WARN_OBJC_ROOT_CLASS = YES_ERROR;
				CLANG_WARN_QUOTED_INCLUDE_IN_FRAMEWORK_HEADER = YES;
				CLANG_WARN_RANGE_LOOP_ANALYSIS = YES;
				CLANG_WARN_STRICT_PROTOTYPES = YES;
				CLANG_WARN_SUSPICIOUS_MOVE = YES;
				CLANG_WARN_UNGUARDED_AVAILABILITY = YES_AGGRESSIVE;
				CLANG_WARN_UNREACHABLE_CODE = YES;
				CLANG_WARN__DUPLICATE_METHOD_MATCH = YES;
				COPY_PHASE_STRIP = NO;
				DEBUG_INFORMATION_FORMAT = "dwarf-with-dsym";
				ENABLE_NS_ASSERTIONS = NO;
				ENABLE_STRICT_OBJC_MSGSEND = YES;
				GCC_C_LANGUAGE_STANDARD = gnu11;
				GCC_NO_COMMON_BLOCKS = YES;
				GCC_WARN_64_TO_32_BIT_CONVERSION = YES;
				GCC_WARN_ABOUT_RETURN_TYPE = YES_ERROR;
				GCC_WARN_UNDECLARED_SELECTOR = YES;
				GCC_WARN_UNINITIALIZED_AUTOS = YES_AGGRESSIVE;
				GCC_WARN_UNUSED_FUNCTION = YES;
				GCC_WARN_UNUSED_VARIABLE = YES;
				IPHONEOS_DEPLOYMENT_TARGET = 16.4;
				MTL_ENABLE_DEBUG_INFO = NO;
				MTL_FAST_MATH = YES;
				SDKROOT = iphoneos;
				SWIFT_COMPILATION_MODE = wholemodule;
				SWIFT_OPTIMIZATION_LEVEL = "-O";
				VALIDATE_PRODUCT = YES;
			};
			name = Release;
		};
		46781A7B2A70C80800791746 /* Debug */ = {
			isa = XCBuildConfiguration;
			buildSettings = {
				ASSETCATALOG_COMPILER_APPICON_NAME = AppIcon;
				ASSETCATALOG_COMPILER_GLOBAL_ACCENT_COLOR_NAME = AccentColor;
				CODE_SIGN_STYLE = Automatic;
				CURRENT_PROJECT_VERSION = 1;
				DEVELOPMENT_TEAM = 294QK362GW;
				GENERATE_INFOPLIST_FILE = YES;
				INFOPLIST_FILE = "super-octo-adventure/Info.plist";
				INFOPLIST_KEY_UIApplicationSupportsIndirectInputEvents = YES;
				INFOPLIST_KEY_UILaunchStoryboardName = LaunchScreen;
				INFOPLIST_KEY_UIMainStoryboardFile = Main;
				INFOPLIST_KEY_UISupportedInterfaceOrientations_iPad = "UIInterfaceOrientationPortrait UIInterfaceOrientationPortraitUpsideDown UIInterfaceOrientationLandscapeLeft UIInterfaceOrientationLandscapeRight";
				INFOPLIST_KEY_UISupportedInterfaceOrientations_iPhone = "UIInterfaceOrientationPortrait UIInterfaceOrientationLandscapeLeft UIInterfaceOrientationLandscapeRight";
				LD_RUNPATH_SEARCH_PATHS = (
					"$(inherited)",
					"@executable_path/Frameworks",
				);
				MARKETING_VERSION = 1.0;
				PRODUCT_BUNDLE_IDENTIFIER = "com.roxana.super-octo-adventure";
				PRODUCT_NAME = "$(TARGET_NAME)";
				SWIFT_EMIT_LOC_STRINGS = YES;
				SWIFT_VERSION = 5.0;
				TARGETED_DEVICE_FAMILY = "1,2";
			};
			name = Debug;
		};
		46781A7C2A70C80800791746 /* Release */ = {
			isa = XCBuildConfiguration;
			buildSettings = {
				ASSETCATALOG_COMPILER_APPICON_NAME = AppIcon;
				ASSETCATALOG_COMPILER_GLOBAL_ACCENT_COLOR_NAME = AccentColor;
				CODE_SIGN_STYLE = Automatic;
				CURRENT_PROJECT_VERSION = 1;
				DEVELOPMENT_TEAM = 294QK362GW;
				GENERATE_INFOPLIST_FILE = YES;
				INFOPLIST_FILE = "super-octo-adventure/Info.plist";
				INFOPLIST_KEY_UIApplicationSupportsIndirectInputEvents = YES;
				INFOPLIST_KEY_UILaunchStoryboardName = LaunchScreen;
				INFOPLIST_KEY_UIMainStoryboardFile = Main;
				INFOPLIST_KEY_UISupportedInterfaceOrientations_iPad = "UIInterfaceOrientationPortrait UIInterfaceOrientationPortraitUpsideDown UIInterfaceOrientationLandscapeLeft UIInterfaceOrientationLandscapeRight";
				INFOPLIST_KEY_UISupportedInterfaceOrientations_iPhone = "UIInterfaceOrientationPortrait UIInterfaceOrientationLandscapeLeft UIInterfaceOrientationLandscapeRight";
				LD_RUNPATH_SEARCH_PATHS = (
					"$(inherited)",
					"@executable_path/Frameworks",
				);
				MARKETING_VERSION = 1.0;
				PRODUCT_BUNDLE_IDENTIFIER = "com.roxana.super-octo-adventure";
				PRODUCT_NAME = "$(TARGET_NAME)";
				SWIFT_EMIT_LOC_STRINGS = YES;
				SWIFT_VERSION = 5.0;
				TARGETED_DEVICE_FAMILY = "1,2";
			};
			name = Release;
		};
/* End XCBuildConfiguration section */

/* Begin XCConfigurationList section */
		46781A612A70C80600791746 /* Build configuration list for PBXProject "super-octo-adventure" */ = {
			isa = XCConfigurationList;
			buildConfigurations = (
				46781A782A70C80800791746 /* Debug */,
				46781A792A70C80800791746 /* Release */,
			);
			defaultConfigurationIsVisible = 0;
			defaultConfigurationName = Release;
		};
		46781A7A2A70C80800791746 /* Build configuration list for PBXNativeTarget "super-octo-adventure" */ = {
			isa = XCConfigurationList;
			buildConfigurations = (
				46781A7B2A70C80800791746 /* Debug */,
				46781A7C2A70C80800791746 /* Release */,
			);
			defaultConfigurationIsVisible = 0;
			defaultConfigurationName = Release;
		};
/* End XCConfigurationList section */
	};
	rootObject = 46781A5E2A70C80600791746 /* Project object */;
}
